
Microsoft Visual Studio Solution File, Format Version 12.00
# Visual Studio Version 16
VisualStudioVersion = 16.0.32407.337
MinimumVisualStudioVersion = 10.0.40219.1
Project("{FAE04EC0-301F-11D3-BF4B-00C04F79EFBC}") = "WindowsFormsApp1", "WindowsFormsApp1\WindowsFormsApp1.csproj", "{049C831C-145B-4593-86BA-CD65D58A45EA}"
EndProject
Global
	GlobalSection(SolutionConfigurationPlatforms) = preSolution
		Debug|Any CPU = Debug|Any CPU
		Release|Any CPU = Release|Any CPU
	EndGlobalSection
	GlobalSection(ProjectConfigurationPlatforms) = postSolution
		{049C831C-145B-4593-86BA-CD65D58A45EA}.Debug|Any CPU.ActiveCfg = Debug|Any CPU
		{049C831C-145B-4593-86BA-CD65D58A45EA}.Debug|Any CPU.Build.0 = Debug|Any CPU
		{049C831C-145B-4593-86BA-CD65D58A45EA}.Release|Any CPU.ActiveCfg = Release|Any CPU
		{049C831C-145B-4593-86BA-CD65D58A45EA}.Release|Any CPU.Build.0 = Release|Any CPU
	EndGlobalSection
	GlobalSection(SolutionProperties) = preSolution
		HideSolutionNode = FALSE
	EndGlobalSection
	GlobalSection(ExtensibilityGlobals) = postSolution
		SolutionGuid = {6C578C3B-2BF9-4F3E-B9A1-7004B303374E}
	EndGlobalSection
EndGlobal
